
Microsoft Visual Studio Solution File, Format Version 12.00
# Visual Studio Version 16
VisualStudioVersion = 16.0.30002.166
MinimumVisualStudioVersion = 10.0.40219.1
Project("{FAE04EC0-301F-11D3-BF4B-00C04F79EFBC}") = "BearMyBanner", "BearMyBanner\BearMyBanner.csproj", "{43B77F76-C8BE-40A7-B190-C971CAD30588}"
EndProject
Global
	GlobalSection(SolutionConfigurationPlatforms) = preSolution
		Debug|Any CPU = Debug|Any CPU
		Release|Any CPU = Release|Any CPU
	EndGlobalSection
	GlobalSection(ProjectConfigurationPlatforms) = postSolution
		{43B77F76-C8BE-40A7-B190-C971CAD30588}.Debug|Any CPU.ActiveCfg = Debug|Any CPU
		{43B77F76-C8BE-40A7-B190-C971CAD30588}.Debug|Any CPU.Build.0 = Debug|Any CPU
		{43B77F76-C8BE-40A7-B190-C971CAD30588}.Release|Any CPU.ActiveCfg = Release|Any CPU
		{43B77F76-C8BE-40A7-B190-C971CAD30588}.Release|Any CPU.Build.0 = Release|Any CPU
	EndGlobalSection
	GlobalSection(SolutionProperties) = preSolution
		HideSolutionNode = FALSE
	EndGlobalSection
	GlobalSection(ExtensibilityGlobals) = postSolution
		SolutionGuid = {0238FD7E-98D8-484A-A6D7-DE01CCE420BE}
	EndGlobalSection
EndGlobal
